[ "bcrypt": {:git, "git://github.com/irccloud/erlang-bcrypt.git", "3a26a36e4f274bbe30c6a2668922951a9467c99d", []},
  "cowboy": {:git, "git://github.com/extend/cowboy.git", "8993249e421fbfff603cedec70e90be64d3694e6", []},
  "cowlib": {:git, "git://github.com/extend/cowlib.git", "0d4ece08a7cce90a07cf33d4edad29bc324c7d90", [ref: "0.5.1"]},
  "decimal": {:git, "git://github.com/ericmj/decimal.git", "ab1b6637aac1eabce5dc5a57290b5366878c2e84", []},
  "ecto": {:git, "git://github.com/elixir-lang/ecto.git", "09204d16d18a6b1f2b3fcb6d02acd8a11c7ff485", []},
  "erlang_localtime": {:git, "git://github.com/choptastic/erlang_localtime.git", "6e14b6e734eca1f51944a0bba25a4179d068496b", [branch: "master"]},
  "erlware_commons": {:git, "git://github.com/erlware/erlware_commons.git", "b125ce055e8dd7df20b5a30c190f1a4c42a90b92", [branch: "master"]},
  "erlydtl": {:git, "git://github.com/erlydtl/erlydtl.git", "8c876fde4c2b383c241d4d6cbba39d979548cd94", [tag: "0.9.0"]},
  "ex_conf": {:git, "git://github.com/phoenixframework/ex_conf.git", "4ca0cbf65c70d1ce787834a0988338729dcf4098", []},
  "ex_doc": {:git, "git://github.com/elixir-lang/ex_doc.git", "ee01fe3efd7b8af1dbaa00946bad5817d57b5875", []},
  "inflex": {:git, "git://github.com/nurugger07/inflex.git", "f805c97308931bdb4f6e00de1dc893da796ea6c7", []},
  "jsex": {:git, "git://github.com/talentdeficit/jsex.git", "65aa6ae7c1543a0c4e83032c04626af7be7a7f3e", []},
  "jsx": {:git, "git://github.com/talentdeficit/jsx.git", "e50af6e109cb03bd26acf715cbc77de746507d1d", [tag: "v1.4.3"]},
  "merl": {:git, "git://github.com/erlydtl/merl.git", "8cd131f65159309dce77db6fb8e2e8526a083867", [branch: "erlydtl"]},
  "mime": {:git, "git://github.com/dynamo/mime.git", "db84370c53a67a7e58a4d0cfb026f4edc64a9367", []},
  "phoenix": {:git, "git://github.com/phoenixframework/phoenix.git", "8471793cf83b615afa10ccb8b01f70a876c6b288", []},
  "plug": {:git, "git://github.com/elixir-lang/plug.git", "fce879565115427239e650ae690455565b2fafee", []},
  "poolboy": {:git, "git://github.com/devinus/poolboy.git", "64e1eaef0b1e88849c7e7ba9ff75f8cd4dba2a3b", []},
  "postgrex": {:git, "git://github.com/ericmj/postgrex.git", "720b45b5613ef364bca3f5228e285489bb9f01d4", []},
  "qdate": {:git, "git://github.com/choptastic/qdate.git", "6f9ca7d13ce44642a97f53752c2050f6e8bb5cdb", []},
  "quickrand": {:git, "https://github.com/okeuday/quickrand.git", "b4db3b4483b73107682fc593c2bc94be922ddcda", [tag: "v1.3.1"]},
  "ranch": {:git, "git://github.com/extend/ranch.git", "5df1f222f94e08abdcab7084f5e13027143cc222", [ref: "0.9.0"]},
  "rebar_vsn_plugin": {:git, "https://github.com/erlware/rebar_vsn_plugin.git", "fd40c960c7912193631d948fe962e1162a8d1334", [branch: "master"]},
  "uuid": {:git, "git://github.com/okeuday/uuid.git", "841aec1d5833f84b9338032f013fbf4ac1416bfb", []} ]
