[ "bcrypt": {:git, "git://github.com/irccloud/erlang-bcrypt.git", "3a26a36e4f274bbe30c6a2668922951a9467c99d", []},
  "cowboy": {:git, "git://github.com/extend/cowboy.git", "0ec713fc4b185c3cd0f6b2e7ec2c5f198361bddd", []},
  "cowlib": {:git, "git://github.com/extend/cowlib.git", "63298e8e160031a70efff86a1acde7e7db1fcda6", [ref: "0.4.0"]},
  "decimal": {:git, "git://github.com/ericmj/decimal.git", "eef08ae02496d7c9d6bed2b06342d7be0e791223", []},
  "dynamo": {:git, "git://github.com/elixir-lang/dynamo.git", "d06c2877452d95850108b22dfee7b9a01b8d9ac5", []},
  "ecto": {:git, "git://github.com/elixir-lang/ecto.git", "1ce48045923d4aada22860c9c878b93d1c4da4e0", []},
  "hackney": {:git, "git://github.com/benoitc/hackney.git", "7f2a0b5996313d930277786e7ff5d538e9346547", [tag: "0.10.1"]},
  "hackney_lib": {:git, "https://github.com/benoitc/hackney_lib.git", "eecdb481f1d38bfb194896bffdf9bdcdd967ae96", [tag: "0.2.2"]},
  "irc_lib": {:git, "git://github.com/0xAX/irc_lib.git", "fa97716c2c2c28e76de3a56cbe3b901f698511ff", []},
  "jsex": {:git, "git://github.com/talentdeficit/jsex.git", "1e89a76f770e14bbbd1b5bebfc05312a984f21a4", []},
  "jsx": {:git, "git://github.com/talentdeficit/jsx.git", "e50af6e109cb03bd26acf715cbc77de746507d1d", [tag: "v1.4.3"]},
  "mimetypes": {:git, "git://github.com/spawngrid/mimetypes.git", "47d37a977a7d633199822bf6b08353007483d00f", []},
  "poolboy": {:git, "git://github.com/devinus/poolboy.git", "d47df5df57b22eb183b0c48c8dcc5f9827fad71b", []},
  "postgrex": {:git, "git://github.com/ericmj/postgrex.git", "06e7e567e13bb3c96f6842d370556443eaf41b13", []},
  "ranch": {:git, "git://github.com/extend/ranch.git", "5df1f222f94e08abdcab7084f5e13027143cc222", [ref: "0.9.0"]} ]
